
Microsoft Visual Studio Solution File, Format Version 12.00
# Visual Studio Version 17
VisualStudioVersion = 17.0.31903.59
MinimumVisualStudioVersion = 10.0.40219.1
Project("{FAE04EC0-301F-11D3-BF4B-00C04F79EFBC}") = "minimalistArchitecture.API", "MinimalistArchitecture.API\minimalistArchitecture.API.csproj", "{A66AEACB-0F7E-43E4-BBC1-23EEEA5A7BDB}"
EndProject
Project("{FAE04EC0-301F-11D3-BF4B-00C04F79EFBC}") = "MinimalistArchitecture.Test", "MinimalistArchitecture.Test\MinimalistArchitecture.Test.csproj", "{B541CB28-0001-4976-8A5D-4A3BBE39A797}"
EndProject
Global
	GlobalSection(SolutionConfigurationPlatforms) = preSolution
		Debug|Any CPU = Debug|Any CPU
		Release|Any CPU = Release|Any CPU
	EndGlobalSection
	GlobalSection(SolutionProperties) = preSolution
		HideSolutionNode = FALSE
	EndGlobalSection
	GlobalSection(ProjectConfigurationPlatforms) = postSolution
		{A66AEACB-0F7E-43E4-BBC1-23EEEA5A7BDB}.Debug|Any CPU.ActiveCfg = Debug|Any CPU
		{A66AEACB-0F7E-43E4-BBC1-23EEEA5A7BDB}.Debug|Any CPU.Build.0 = Debug|Any CPU
		{A66AEACB-0F7E-43E4-BBC1-23EEEA5A7BDB}.Release|Any CPU.ActiveCfg = Release|Any CPU
		{A66AEACB-0F7E-43E4-BBC1-23EEEA5A7BDB}.Release|Any CPU.Build.0 = Release|Any CPU
		{B541CB28-0001-4976-8A5D-4A3BBE39A797}.Debug|Any CPU.ActiveCfg = Debug|Any CPU
		{B541CB28-0001-4976-8A5D-4A3BBE39A797}.Debug|Any CPU.Build.0 = Debug|Any CPU
		{B541CB28-0001-4976-8A5D-4A3BBE39A797}.Release|Any CPU.ActiveCfg = Release|Any CPU
		{B541CB28-0001-4976-8A5D-4A3BBE39A797}.Release|Any CPU.Build.0 = Release|Any CPU
	EndGlobalSection
EndGlobal
